{
    "name": "portfolio",
    "version": "1.0.0",
    "lockfileVersion": 3,
    "requires": true,
    "packages": {
        "": {
            "name": "portfolio",
            "version": "1.0.0",
            "license": "ISC",
            "dependencies": {
                "@emailjs/browser": "^4.4.1",
                "katex": "0.12.0",
                "markdown-it": "12.2.0",
                "markdown-it-block-image": "0.0.3",
                "markdown-it-footnote": "3.0.3",
                "markdown-it-texmath": "1.0.0",
                "markdown-it-toc-done-right": "4.2.0",
                "punycode": "2.1.1",
                "react-dom": "^18.3.1"
            },
            "devDependencies": {
                "@types/react": "^18.3.3",
                "@types/react-dom": "^18.3.0"
            }
        },
        "node_modules/@emailjs/browser": {
            "version": "4.4.1",
            "resolved": "https://registry.npmjs.org/@emailjs/browser/-/browser-4.4.1.tgz",
            "integrity": "sha512-DGSlP9sPvyFba3to2A50kDtZ+pXVp/0rhmqs2LmbMS3I5J8FSOgLwzY2Xb4qfKlOVHh29EAutLYwe5yuEZmEFg==",
            "license": "BSD-3-Clause",
            "engines": {
                "node": ">=14.0.0"
            }
        },
        "node_modules/@types/prop-types": {
            "version": "15.7.12",
            "resolved": "https://registry.npmjs.org/@types/prop-types/-/prop-types-15.7.12.tgz",
            "integrity": "sha512-5zvhXYtRNRluoE/jAp4GVsSduVUzNWKkOZrCDBWYtE7biZywwdC2AcEzg+cSMLFRfVgeAFqpfNabiPjxFddV1Q==",
            "dev": true,
            "license": "MIT"
        },
        "node_modules/@types/react": {
            "version": "18.3.4",
            "resolved": "https://registry.npmjs.org/@types/react/-/react-18.3.4.tgz",
            "integrity": "sha512-J7W30FTdfCxDDjmfRM+/JqLHBIyl7xUIp9kwK637FGmY7+mkSFSe6L4jpZzhj5QMfLssSDP4/i75AKkrdC7/Jw==",
            "dev": true,
            "license": "MIT",
            "dependencies": {
                "@types/prop-types": "*",
                "csstype": "^3.0.2"
            }
        },
        "node_modules/@types/react-dom": {
            "version": "18.3.0",
            "resolved": "https://registry.npmjs.org/@types/react-dom/-/react-dom-18.3.0.tgz",
            "integrity": "sha512-EhwApuTmMBmXuFOikhQLIBUn6uFg81SwLMOAUgodJF14SOBOCMdU04gDoYi0WOJJHD144TL32z4yDqCW3dnkQg==",
            "dev": true,
            "license": "MIT",
            "dependencies": {
                "@types/react": "*"
            }
        },
        "node_modules/argparse": {
            "version": "2.0.1",
            "resolved": "https://registry.npmjs.org/argparse/-/argparse-2.0.1.tgz",
            "integrity": "sha512-8+9WqebbFzpX9OR+Wa6O29asIogeRMzcGtAINdpMHHyAg10f05aSFVBbcEqGf/PXw1EjAZ+q2/bEBg3DvurK3Q==",
            "license": "Python-2.0"
        },
        "node_modules/commander": {
            "version": "2.20.3",
            "resolved": "https://registry.npmjs.org/commander/-/commander-2.20.3.tgz",
            "integrity": "sha512-GpVkmM8vF2vQUkj2LvZmD35JxeJOLCwJ9cUkugyk2nuhbv3+mJvpLYYt+0+USMxE+oj+ey/lJEnhZw75x/OMcQ==",
            "license": "MIT"
        },
        "node_modules/csstype": {
            "version": "3.1.3",
            "resolved": "https://registry.npmjs.org/csstype/-/csstype-3.1.3.tgz",
            "integrity": "sha512-M1uQkMl8rQK/szD0LNhtqxIPLpimGm8sOBwU7lLnCpSbTyY3yeU1Vc7l4KT5zT4s/yOxHH5O7tIuuLOCnLADRw==",
            "dev": true,
            "license": "MIT"
        },
        "node_modules/entities": {
            "version": "2.1.0",
            "resolved": "https://registry.npmjs.org/entities/-/entities-2.1.0.tgz",
            "integrity": "sha512-hCx1oky9PFrJ611mf0ifBLBRW8lUUVRlFolb5gWRfIELabBlbp9xZvrqZLZAs+NxFnbfQoeGd8wDkygjg7U85w==",
            "license": "BSD-2-Clause",
            "funding": {
                "url": "https://github.com/fb55/entities?sponsor=1"
            }
        },
        "node_modules/js-tokens": {
            "version": "4.0.0",
            "resolved": "https://registry.npmjs.org/js-tokens/-/js-tokens-4.0.0.tgz",
            "integrity": "sha512-RdJUflcE3cUzKiMqQgsCu06FPu9UdIJO0beYbPhHN4k6apgJtifcoCtT9bcxOpYBtpD2kCM6Sbzg4CausW/PKQ==",
            "license": "MIT"
        },
        "node_modules/katex": {
            "version": "0.12.0",
            "resolved": "https://registry.npmjs.org/katex/-/katex-0.12.0.tgz",
            "integrity": "sha512-y+8btoc/CK70XqcHqjxiGWBOeIL8upbS0peTPXTvgrh21n1RiWWcIpSWM+4uXq+IAgNh9YYQWdc7LVDPDAEEAg==",
            "license": "MIT",
            "dependencies": {
                "commander": "^2.19.0"
            },
            "bin": {
                "katex": "cli.js"
            }
        },
        "node_modules/linkify-it": {
            "version": "3.0.3",
            "resolved": "https://registry.npmjs.org/linkify-it/-/linkify-it-3.0.3.tgz",
            "integrity": "sha512-ynTsyrFSdE5oZ/O9GEf00kPngmOfVwazR5GKDq6EYfhlpFug3J2zybX56a2PRRpc9P+FuSoGNAwjlbDs9jJBPQ==",
            "license": "MIT",
            "dependencies": {
                "uc.micro": "^1.0.1"
            }
        },
        "node_modules/loose-envify": {
            "version": "1.4.0",
            "resolved": "https://registry.npmjs.org/loose-envify/-/loose-envify-1.4.0.tgz",
            "integrity": "sha512-lyuxPGr/Wfhrlem2CL/UcnUc1zcqKAImBDzukY7Y5F/yQiNdko6+fRLevlw1HgMySw7f611UIY408EtxRSoK3Q==",
            "license": "MIT",
            "dependencies": {
                "js-tokens": "^3.0.0 || ^4.0.0"
            },
            "bin": {
                "loose-envify": "cli.js"
            }
        },
        "node_modules/markdown-it": {
            "version": "12.2.0",
            "resolved": "https://registry.npmjs.org/markdown-it/-/markdown-it-12.2.0.tgz",
            "integrity": "sha512-Wjws+uCrVQRqOoJvze4HCqkKl1AsSh95iFAeQDwnyfxM09divCBSXlDR1uTvyUP3Grzpn4Ru8GeCxYPM8vkCQg==",
            "license": "MIT",
            "dependencies": {
                "argparse": "^2.0.1",
                "entities": "~2.1.0",
                "linkify-it": "^3.0.1",
                "mdurl": "^1.0.1",
                "uc.micro": "^1.0.5"
            },
            "bin": {
                "markdown-it": "bin/markdown-it.js"
            }
        },
        "node_modules/markdown-it-block-image": {
            "version": "0.0.3",
            "resolved": "https://registry.npmjs.org/markdown-it-block-image/-/markdown-it-block-image-0.0.3.tgz",
            "integrity": "sha512-+esbdLegMSWmIRGwVncj5ZwVi5K1qt894uXfnkZIyMFC7ssbv7aR7YEVI16w0PdFWow1HmBNUZ4chl0vScjoIA==",
            "license": "MIT"
        },
        "node_modules/markdown-it-footnote": {
            "version": "3.0.3",
            "resolved": "https://registry.npmjs.org/markdown-it-footnote/-/markdown-it-footnote-3.0.3.tgz",
            "integrity": "sha512-YZMSuCGVZAjzKMn+xqIco9d1cLGxbELHZ9do/TSYVzraooV8ypsppKNmUJ0fVH5ljkCInQAtFpm8Rb3eXSrt5w==",
            "license": "MIT"
        },
        "node_modules/markdown-it-texmath": {
            "version": "1.0.0",
            "resolved": "https://registry.npmjs.org/markdown-it-texmath/-/markdown-it-texmath-1.0.0.tgz",
            "integrity": "sha512-4hhkiX8/gus+6e53PLCUmUrsa6ZWGgJW2XCW6O0ASvZUiezIK900ZicinTDtG3kAO2kon7oUA/ReWmpW2FByxg==",
            "license": "MIT"
        },
        "node_modules/markdown-it-toc-done-right": {
            "version": "4.2.0",
            "resolved": "https://registry.npmjs.org/markdown-it-toc-done-right/-/markdown-it-toc-done-right-4.2.0.tgz",
            "integrity": "sha512-UB/IbzjWazwTlNAX0pvWNlJS8NKsOQ4syrXZQ/C72j+jirrsjVRT627lCaylrKJFBQWfRsPmIVQie8x38DEhAQ==",
            "license": "MIT"
        },
        "node_modules/mdurl": {
            "version": "1.0.1",
            "resolved": "https://registry.npmjs.org/mdurl/-/mdurl-1.0.1.tgz",
            "integrity": "sha512-/sKlQJCBYVY9Ers9hqzKou4H6V5UWc/M59TH2dvkt+84itfnq7uFOMLpOiOS4ujvHP4etln18fmIxA5R5fll0g==",
            "license": "MIT"
        },
        "node_modules/punycode": {
            "version": "2.1.1",
            "resolved": "https://registry.npmjs.org/punycode/-/punycode-2.1.1.tgz",
            "integrity": "sha512-XRsRjdf+j5ml+y/6GKHPZbrF/8p2Yga0JPtdqTIY2Xe5ohJPD9saDJJLPvp9+NSBprVvevdXZybnj2cv8OEd0A==",
            "license": "MIT",
            "engines": {
                "node": ">=6"
            }
        },
        "node_modules/react": {
            "version": "18.3.1",
            "resolved": "https://registry.npmjs.org/react/-/react-18.3.1.tgz",
            "integrity": "sha512-wS+hAgJShR0KhEvPJArfuPVN1+Hz1t0Y6n5jLrGQbkb4urgPE/0Rve+1kMB1v/oWgHgm4WIcV+i7F2pTVj+2iQ==",
            "license": "MIT",
            "peer": true,
            "dependencies": {
                "loose-envify": "^1.1.0"
            },
            "engines": {
                "node": ">=0.10.0"
            }
        },
        "node_modules/react-dom": {
            "version": "18.3.1",
            "resolved": "https://registry.npmjs.org/react-dom/-/react-dom-18.3.1.tgz",
            "integrity": "sha512-5m4nQKp+rZRb09LNH59GM4BxTh9251/ylbKIbpe7TpGxfJ+9kv6BLkLBXIjjspbgbnIBNqlI23tRnTWT0snUIw==",
            "license": "MIT",
            "dependencies": {
                "loose-envify": "^1.1.0",
                "scheduler": "^0.23.2"
            },
            "peerDependencies": {
                "react": "^18.3.1"
            }
        },
        "node_modules/scheduler": {
            "version": "0.23.2",
            "resolved": "https://registry.npmjs.org/scheduler/-/scheduler-0.23.2.tgz",
            "integrity": "sha512-UOShsPwz7NrMUqhR6t0hWjFduvOzbtv7toDH1/hIrfRNIDBnnBWd0CwJTGvTpngVlmwGCdP9/Zl/tVrDqcuYzQ==",
            "license": "MIT",
            "dependencies": {
                "loose-envify": "^1.1.0"
            }
        },
        "node_modules/uc.micro": {
            "version": "1.0.6",
            "resolved": "https://registry.npmjs.org/uc.micro/-/uc.micro-1.0.6.tgz",
            "integrity": "sha512-8Y75pvTYkLJW2hWQHXxoqRgV7qb9B+9vFEtidML+7koHUFapnVJAZ6cKs+Qjz5Aw3aZWHMC6u0wJE3At+nSGwA==",
            "license": "MIT"
        }
    }
}
